
Microsoft Visual Studio Solution File, Format Version 12.00
# Visual Studio Version 16
VisualStudioVersion = 16.0.31321.278
MinimumVisualStudioVersion = 10.0.40219.1
Project("{FAE04EC0-301F-11D3-BF4B-00C04F79EFBC}") = "WebApplication1", "WebApplication1\WebApplication1.csproj", "{42ABEB57-2864-47CC-B14B-E57D82058545}"
EndProject
Global
	GlobalSection(SolutionConfigurationPlatforms) = preSolution
		Debug|Any CPU = Debug|Any CPU
		Release|Any CPU = Release|Any CPU
	EndGlobalSection
	GlobalSection(ProjectConfigurationPlatforms) = postSolution
		{42ABEB57-2864-47CC-B14B-E57D82058545}.Debug|Any CPU.ActiveCfg = Debug|Any CPU
		{42ABEB57-2864-47CC-B14B-E57D82058545}.Debug|Any CPU.Build.0 = Debug|Any CPU
		{42ABEB57-2864-47CC-B14B-E57D82058545}.Release|Any CPU.ActiveCfg = Release|Any CPU
		{42ABEB57-2864-47CC-B14B-E57D82058545}.Release|Any CPU.Build.0 = Release|Any CPU
	EndGlobalSection
	GlobalSection(SolutionProperties) = preSolution
		HideSolutionNode = FALSE
	EndGlobalSection
	GlobalSection(ExtensibilityGlobals) = postSolution
		SolutionGuid = {EFC698F3-6EEF-450F-9A2A-DCA7DD8CFF9C}
	EndGlobalSection
EndGlobal
